
Microsoft Visual Studio Solution File, Format Version 12.00
# Visual Studio Version 17
VisualStudioVersion = 17.4.33213.308
MinimumVisualStudioVersion = 10.0.40219.1
Project("{9A19103F-16F7-4668-BE54-9A1E7A4F7556}") = "EcommerceCRUD", "EcommerceCRUD\EcommerceCRUD.csproj", "{3D6184DF-2A0C-4767-9E77-B20F1FF41A83}"
EndProject
Project("{FAE04EC0-301F-11D3-BF4B-00C04F79EFBC}") = "EcommerceCRUDTests", "EcommerceCRUDTests\EcommerceCRUDTests.csproj", "{CA0325A4-E000-4131-95F0-19449AC80408}"
EndProject
Global
	GlobalSection(SolutionConfigurationPlatforms) = preSolution
		Debug|Any CPU = Debug|Any CPU
		Release|Any CPU = Release|Any CPU
	EndGlobalSection
	GlobalSection(ProjectConfigurationPlatforms) = postSolution
		{3D6184DF-2A0C-4767-9E77-B20F1FF41A83}.Debug|Any CPU.ActiveCfg = Debug|Any CPU
		{3D6184DF-2A0C-4767-9E77-B20F1FF41A83}.Debug|Any CPU.Build.0 = Debug|Any CPU
		{3D6184DF-2A0C-4767-9E77-B20F1FF41A83}.Release|Any CPU.ActiveCfg = Release|Any CPU
		{3D6184DF-2A0C-4767-9E77-B20F1FF41A83}.Release|Any CPU.Build.0 = Release|Any CPU
		{CA0325A4-E000-4131-95F0-19449AC80408}.Debug|Any CPU.ActiveCfg = Debug|Any CPU
		{CA0325A4-E000-4131-95F0-19449AC80408}.Debug|Any CPU.Build.0 = Debug|Any CPU
		{CA0325A4-E000-4131-95F0-19449AC80408}.Release|Any CPU.ActiveCfg = Release|Any CPU
		{CA0325A4-E000-4131-95F0-19449AC80408}.Release|Any CPU.Build.0 = Release|Any CPU
	EndGlobalSection
	GlobalSection(SolutionProperties) = preSolution
		HideSolutionNode = FALSE
	EndGlobalSection
	GlobalSection(ExtensibilityGlobals) = postSolution
		SolutionGuid = {F6B3EFC9-F848-4C7E-B2D1-68D1156A990A}
	EndGlobalSection
EndGlobal
